// !$*UTF8*$!
{
	archiveVersion = 1;
	classes = {
	};
	objectVersion = 46;
	objects = {

/* Begin PBXBuildFile section */
		181BC4BE1BDB20DD00653F6C /* main.m in Sources */ = {isa = PBXBuildFile; fileRef = 181BC4BD1BDB20DD00653F6C /* main.m */; };
		181BC4C11BDB20DD00653F6C /* AppDelegate.m in Sources */ = {isa = PBXBuildFile; fileRef = 181BC4C01BDB20DD00653F6C /* AppDelegate.m */; };
		181BC4C41BDB20DD00653F6C /* ViewController.m in Sources */ = {isa = PBXBuildFile; fileRef = 181BC4C31BDB20DD00653F6C /* ViewController.m */; };
		181BC4C71BDB20DD00653F6C /* Main.storyboard in Resources */ = {isa = PBXBuildFile; fileRef = 181BC4C51BDB20DD00653F6C /* Main.storyboard */; };
		181BC4C91BDB20DD00653F6C /* Assets.xcassets in Resources */ = {isa = PBXBuildFile; fileRef = 181BC4C81BDB20DD00653F6C /* Assets.xcassets */; };
		181BC4CC1BDB20DD00653F6C /* LaunchScreen.storyboard in Resources */ = {isa = PBXBuildFile; fileRef = 181BC4CA1BDB20DD00653F6C /* LaunchScreen.storyboard */; };
		181BC4D71BDB20DE00653F6C /* YMChooseImageViewTests.m in Sources */ = {isa = PBXBuildFile; fileRef = 181BC4D61BDB20DE00653F6C /* YMChooseImageViewTests.m */; };
		181BC4E21BDB20DE00653F6C /* YMChooseImageViewUITests.m in Sources */ = {isa = PBXBuildFile; fileRef = 181BC4E11BDB20DE00653F6C /* YMChooseImageViewUITests.m */; };
		184821741BDF62C900610D6C /* NSData+ImageContentType.m in Sources */ = {isa = PBXBuildFile; fileRef = 184821511BDF62C900610D6C /* NSData+ImageContentType.m */; settings = {ASSET_TAGS = (); }; };
		184821751BDF62C900610D6C /* SDImageCache.m in Sources */ = {isa = PBXBuildFile; fileRef = 184821531BDF62C900610D6C /* SDImageCache.m */; settings = {ASSET_TAGS = (); }; };
		184821761BDF62C900610D6C /* SDWebImageCompat.m in Sources */ = {isa = PBXBuildFile; fileRef = 184821551BDF62C900610D6C /* SDWebImageCompat.m */; settings = {ASSET_TAGS = (); }; };
		184821771BDF62C900610D6C /* SDWebImageDecoder.m in Sources */ = {isa = PBXBuildFile; fileRef = 184821571BDF62C900610D6C /* SDWebImageDecoder.m */; settings = {ASSET_TAGS = (); }; };
		184821781BDF62C900610D6C /* SDWebImageDownloader.m in Sources */ = {isa = PBXBuildFile; fileRef = 184821591BDF62C900610D6C /* SDWebImageDownloader.m */; settings = {ASSET_TAGS = (); }; };
		184821791BDF62C900610D6C /* SDWebImageDownloaderOperation.m in Sources */ = {isa = PBXBuildFile; fileRef = 1848215B1BDF62C900610D6C /* SDWebImageDownloaderOperation.m */; settings = {ASSET_TAGS = (); }; };
		1848217A1BDF62C900610D6C /* SDWebImageManager.m in Sources */ = {isa = PBXBuildFile; fileRef = 1848215D1BDF62C900610D6C /* SDWebImageManager.m */; settings = {ASSET_TAGS = (); }; };
		1848217B1BDF62C900610D6C /* SDWebImageManager+MJ.m in Sources */ = {isa = PBXBuildFile; fileRef = 1848215F1BDF62C900610D6C /* SDWebImageManager+MJ.m */; settings = {ASSET_TAGS = (); }; };
		1848217C1BDF62C900610D6C /* SDWebImagePrefetcher.m in Sources */ = {isa = PBXBuildFile; fileRef = 184821621BDF62C900610D6C /* SDWebImagePrefetcher.m */; settings = {ASSET_TAGS = (); }; };
		1848217D1BDF62C900610D6C /* UIButton+WebCache.m in Sources */ = {isa = PBXBuildFile; fileRef = 184821641BDF62C900610D6C /* UIButton+WebCache.m */; settings = {ASSET_TAGS = (); }; };
		1848217E1BDF62C900610D6C /* UIImage+GIF.m in Sources */ = {isa = PBXBuildFile; fileRef = 184821661BDF62C900610D6C /* UIImage+GIF.m */; settings = {ASSET_TAGS = (); }; };
		1848217F1BDF62C900610D6C /* UIImage+MultiFormat.m in Sources */ = {isa = PBXBuildFile; fileRef = 184821681BDF62C900610D6C /* UIImage+MultiFormat.m */; settings = {ASSET_TAGS = (); }; };
		184821801BDF62C900610D6C /* UIImage+WebP.m in Sources */ = {isa = PBXBuildFile; fileRef = 1848216A1BDF62C900610D6C /* UIImage+WebP.m */; settings = {ASSET_TAGS = (); }; };
		184821811BDF62C900610D6C /* UIImageView+Addition.m in Sources */ = {isa = PBXBuildFile; fileRef = 1848216C1BDF62C900610D6C /* UIImageView+Addition.m */; settings = {COMPILER_FLAGS = "-fno-objc-arc"; }; };
		184821821BDF62C900610D6C /* UIImageView+HighlightedWebCache.m in Sources */ = {isa = PBXBuildFile; fileRef = 1848216E1BDF62C900610D6C /* UIImageView+HighlightedWebCache.m */; settings = {ASSET_TAGS = (); }; };
		184821831BDF62C900610D6C /* UIImageView+WebCache.m in Sources */ = {isa = PBXBuildFile; fileRef = 184821701BDF62C900610D6C /* UIImageView+WebCache.m */; settings = {ASSET_TAGS = (); }; };
		184821841BDF62C900610D6C /* UIView+WebCacheOperation.m in Sources */ = {isa = PBXBuildFile; fileRef = 184821721BDF62C900610D6C /* UIView+WebCacheOperation.m */; settings = {ASSET_TAGS = (); }; };
		1848218D1BE05F2600610D6C /* YMnineImageFlowLayout.m in Sources */ = {isa = PBXBuildFile; fileRef = 1848218A1BE05F2600610D6C /* YMnineImageFlowLayout.m */; settings = {ASSET_TAGS = (); }; };
		1848218E1BE05F2600610D6C /* YMnineImageView.m in Sources */ = {isa = PBXBuildFile; fileRef = 1848218C1BE05F2600610D6C /* YMnineImageView.m */; settings = {ASSET_TAGS = (); }; };
		184821941BE05F2D00610D6C /* YMImage.m in Sources */ = {isa = PBXBuildFile; fileRef = 184821901BE05F2D00610D6C /* YMImage.m */; settings = {ASSET_TAGS = (); }; };
		184821951BE05F2D00610D6C /* YMnineImageCell.m in Sources */ = {isa = PBXBuildFile; fileRef = 184821921BE05F2D00610D6C /* YMnineImageCell.m */; settings = {ASSET_TAGS = (); }; };
		184821961BE05F2D00610D6C /* YMnineImageCell.xib in Resources */ = {isa = PBXBuildFile; fileRef = 184821931BE05F2D00610D6C /* YMnineImageCell.xib */; settings = {ASSET_TAGS = (); }; };
		184821991BE0604900610D6C /* add.png in Resources */ = {isa = PBXBuildFile; fileRef = 184821971BE0604900610D6C /* add.png */; settings = {ASSET_TAGS = (); }; };
		1848219A1BE0604900610D6C /* removeItem@2x.png in Resources */ = {isa = PBXBuildFile; fileRef = 184821981BE0604900610D6C /* removeItem@2x.png */; settings = {ASSET_TAGS = (); }; };
		18DF9B501BDDF4E600D79FBC /* welcome_index3@2x.png in Resources */ = {isa = PBXBuildFile; fileRef = 18DF9B4F1BDDF4E600D79FBC /* welcome_index3@2x.png */; settings = {ASSET_TAGS = (); }; };
/* End PBXBuildFile section */

/* Begin PBXContainerItemProxy section */
		181BC4D31BDB20DE00653F6C /* PBXContainerItemProxy */ = {
			isa = PBXContainerItemProxy;
			containerPortal = 181BC4B11BDB20DD00653F6C /* Project object */;
			proxyType = 1;
			remoteGlobalIDString = 181BC4B81BDB20DD00653F6C;
			remoteInfo = YMChooseImageView;
		};
		181BC4DE1BDB20DE00653F6C /* PBXContainerItemProxy */ = {
			isa = PBXContainerItemProxy;
			containerPortal = 181BC4B11BDB20DD00653F6C /* Project object */;
			proxyType = 1;
			remoteGlobalIDString = 181BC4B81BDB20DD00653F6C;
			remoteInfo = YMChooseImageView;
		};
/* End PBXContainerItemProxy section */

/* Begin PBXFileReference section */
		181BC4B91BDB20DD00653F6C /* YMChooseImageView.app */ = {isa = PBXFileReference; explicitFileType = wrapper.application; includeInIndex = 0; path = YMChooseImageView.app; sourceTree = BUILT_PRODUCTS_DIR; };
		181BC4BD1BDB20DD00653F6C /* main.m */ = {isa = PBXFileReference; lastKnownFileType = sourcecode.c.objc; path = main.m; sourceTree = "<group>"; };
		181BC4BF1BDB20DD00653F6C /* AppDelegate.h */ = {isa = PBXFileReference; lastKnownFileType = sourcecode.c.h; path = AppDelegate.h; sourceTree = "<group>"; };
		181BC4C01BDB20DD00653F6C /* AppDelegate.m */ = {isa = PBXFileReference; lastKnownFileType = sourcecode.c.objc; path = AppDelegate.m; sourceTree = "<group>"; };
		181BC4C21BDB20DD00653F6C /* ViewController.h */ = {isa = PBXFileReference; lastKnownFileType = sourcecode.c.h; path = ViewController.h; sourceTree = "<group>"; };
		181BC4C31BDB20DD00653F6C /* ViewController.m */ = {isa = PBXFileReference; lastKnownFileType = sourcecode.c.objc; path = ViewController.m; sourceTree = "<group>"; };
		181BC4C61BDB20DD00653F6C /* Base */ = {isa = PBXFileReference; lastKnownFileType = file.storyboard; name = Base; path = Base.lproj/Main.storyboard; sourceTree = "<group>"; };
		181BC4C81BDB20DD00653F6C /* Assets.xcassets */ = {isa = PBXFileReference; lastKnownFileType = folder.assetcatalog; path = Assets.xcassets; sourceTree = "<group>"; };
		181BC4CB1BDB20DD00653F6C /* Base */ = {isa = PBXFileReference; lastKnownFileType = file.storyboard; name = Base; path = Base.lproj/LaunchScreen.storyboard; sourceTree = "<group>"; };
		181BC4CD1BDB20DD00653F6C /* Info.plist */ = {isa = PBXFileReference; lastKnownFileType = text.plist.xml; path = Info.plist; sourceTree = "<group>"; };
		181BC4D21BDB20DE00653F6C /* YMChooseImageViewTests.xctest */ = {isa = PBXFileReference; explicitFileType = wrapper.cfbundle; includeInIndex = 0; path = YMChooseImageViewTests.xctest; sourceTree = BUILT_PRODUCTS_DIR; };
		181BC4D61BDB20DE00653F6C /* YMChooseImageViewTests.m */ = {isa = PBXFileReference; lastKnownFileType = sourcecode.c.objc; path = YMChooseImageViewTests.m; sourceTree = "<group>"; };
		181BC4D81BDB20DE00653F6C /* Info.plist */ = {isa = PBXFileReference; lastKnownFileType = text.plist.xml; path = Info.plist; sourceTree = "<group>"; };
		181BC4DD1BDB20DE00653F6C /* YMChooseImageViewUITests.xctest */ = {isa = PBXFileReference; explicitFileType = wrapper.cfbundle; includeInIndex = 0; path = YMChooseImageViewUITests.xctest; sourceTree = BUILT_PRODUCTS_DIR; };
		181BC4E11BDB20DE00653F6C /* YMChooseImageViewUITests.m */ = {isa = PBXFileReference; lastKnownFileType = sourcecode.c.objc; path = YMChooseImageViewUITests.m; sourceTree = "<group>"; };
		181BC4E31BDB20DE00653F6C /* Info.plist */ = {isa = PBXFileReference; lastKnownFileType = text.plist.xml; path = Info.plist; sourceTree = "<group>"; };
		1848214E1BDF62C900610D6C /* MKAnnotationView+WebCache.h */ = {isa = PBXFileReference; fileEncoding = 4; lastKnownFileType = sourcecode.c.h; name = "MKAnnotationView+WebCache.h"; path = "sdwebimage/MKAnnotationView+WebCache.h"; sourceTree = "<group>"; };
		1848214F1BDF62C900610D6C /* MKAnnotationView+WebCache.m */ = {isa = PBXFileReference; fileEncoding = 4; lastKnownFileType = sourcecode.c.objc; name = "MKAnnotationView+WebCache.m"; path = "sdwebimage/MKAnnotationView+WebCache.m"; sourceTree = "<group>"; };
		184821501BDF62C900610D6C /* NSData+ImageContentType.h */ = {isa = PBXFileReference; fileEncoding = 4; lastKnownFileType = sourcecode.c.h; name = "NSData+ImageContentType.h"; path = "sdwebimage/NSData+ImageContentType.h"; sourceTree = "<group>"; };
		184821511BDF62C900610D6C /* NSData+ImageContentType.m */ = {isa = PBXFileReference; fileEncoding = 4; lastKnownFileType = sourcecode.c.objc; name = "NSData+ImageContentType.m"; path = "sdwebimage/NSData+ImageContentType.m"; sourceTree = "<group>"; };
		184821521BDF62C900610D6C /* SDImageCache.h */ = {isa = PBXFileReference; fileEncoding = 4; lastKnownFileType = sourcecode.c.h; name = SDImageCache.h; path = sdwebimage/SDImageCache.h; sourceTree = "<group>"; };
		184821531BDF62C900610D6C /* SDImageCache.m */ = {isa = PBXFileReference; fileEncoding = 4; lastKnownFileType = sourcecode.c.objc; name = SDImageCache.m; path = sdwebimage/SDImageCache.m; sourceTree = "<group>"; };
		184821541BDF62C900610D6C /* SDWebImageCompat.h */ = {isa = PBXFileReference; fileEncoding = 4; lastKnownFileType = sourcecode.c.h; name = SDWebImageCompat.h; path = sdwebimage/SDWebImageCompat.h; sourceTree = "<group>"; };
		184821551BDF62C900610D6C /* SDWebImageCompat.m */ = {isa = PBXFileReference; fileEncoding = 4; lastKnownFileType = sourcecode.c.objc; name = SDWebImageCompat.m; path = sdwebimage/SDWebImageCompat.m; sourceTree = "<group>"; };
		184821561BDF62C900610D6C /* SDWebImageDecoder.h */ = {isa = PBXFileReference; fileEncoding = 4; lastKnownFileType = sourcecode.c.h; name = SDWebImageDecoder.h; path = sdwebimage/SDWebImageDecoder.h; sourceTree = "<group>"; };
		184821571BDF62C900610D6C /* SDWebImageDecoder.m */ = {isa = PBXFileReference; fileEncoding = 4; lastKnownFileType = sourcecode.c.objc; name = SDWebImageDecoder.m; path = sdwebimage/SDWebImageDecoder.m; sourceTree = "<group>"; };
		184821581BDF62C900610D6C /* SDWebImageDownloader.h */ = {isa = PBXFileReference; fileEncoding = 4; lastKnownFileType = sourcecode.c.h; name = SDWebImageDownloader.h; path = sdwebimage/SDWebImageDownloader.h; sourceTree = "<group>"; };
		184821591BDF62C900610D6C /* SDWebImageDownloader.m */ = {isa = PBXFileReference; fileEncoding = 4; lastKnownFileType = sourcecode.c.objc; name = SDWebImageDownloader.m; path = sdwebimage/SDWebImageDownloader.m; sourceTree = "<group>"; };
		1848215A1BDF62C900610D6C /* SDWebImageDownloaderOperation.h */ = {isa = PBXFileReference; fileEncoding = 4; lastKnownFileType = sourcecode.c.h; name = SDWebImageDownloaderOperation.h; path = sdwebimage/SDWebImageDownloaderOperation.h; sourceTree = "<group>"; };
		1848215B1BDF62C900610D6C /* SDWebImageDownloaderOperation.m */ = {isa = PBXFileReference; fileEncoding = 4; lastKnownFileType = sourcecode.c.objc; name = SDWebImageDownloaderOperation.m; path = sdwebimage/SDWebImageDownloaderOperation.m; sourceTree = "<group>"; };
		1848215C1BDF62C900610D6C /* SDWebImageManager.h */ = {isa = PBXFileReference; fileEncoding = 4; lastKnownFileType = sourcecode.c.h; name = SDWebImageManager.h; path = sdwebimage/SDWebImageManager.h; sourceTree = "<group>"; };
		1848215D1BDF62C900610D6C /* SDWebImageManager.m */ = {isa = PBXFileReference; fileEncoding = 4; lastKnownFileType = sourcecode.c.objc; name = SDWebImageManager.m; path = sdwebimage/SDWebImageManager.m; sourceTree = "<group>"; };
		1848215E1BDF62C900610D6C /* SDWebImageManager+MJ.h */ = {isa = PBXFileReference; fileEncoding = 4; lastKnownFileType = sourcecode.c.h; name = "SDWebImageManager+MJ.h"; path = "sdwebimage/SDWebImageManager+MJ.h"; sourceTree = "<group>"; };
		1848215F1BDF62C900610D6C /* SDWebImageManager+MJ.m */ = {isa = PBXFileReference; fileEncoding = 4; lastKnownFileType = sourcecode.c.objc; name = "SDWebImageManager+MJ.m"; path = "sdwebimage/SDWebImageManager+MJ.m"; sourceTree = "<group>"; };
		184821601BDF62C900610D6C /* SDWebImageOperation.h */ = {isa = PBXFileReference; fileEncoding = 4; lastKnownFileType = sourcecode.c.h; name = SDWebImageOperation.h; path = sdwebimage/SDWebImageOperation.h; sourceTree = "<group>"; };
		184821611BDF62C900610D6C /* SDWebImagePrefetcher.h */ = {isa = PBXFileReference; fileEncoding = 4; lastKnownFileType = sourcecode.c.h; name = SDWebImagePrefetcher.h; path = sdwebimage/SDWebImagePrefetcher.h; sourceTree = "<group>"; };
		184821621BDF62C900610D6C /* SDWebImagePrefetcher.m */ = {isa = PBXFileReference; fileEncoding = 4; lastKnownFileType = sourcecode.c.objc; name = SDWebImagePrefetcher.m; path = sdwebimage/SDWebImagePrefetcher.m; sourceTree = "<group>"; };
		184821631BDF62C900610D6C /* UIButton+WebCache.h */ = {isa = PBXFileReference; fileEncoding = 4; lastKnownFileType = sourcecode.c.h; name = "UIButton+WebCache.h"; path = "sdwebimage/UIButton+WebCache.h"; sourceTree = "<group>"; };
		184821641BDF62C900610D6C /* UIButton+WebCache.m */ = {isa = PBXFileReference; fileEncoding = 4; lastKnownFileType = sourcecode.c.objc; name = "UIButton+WebCache.m"; path = "sdwebimage/UIButton+WebCache.m"; sourceTree = "<group>"; };
		184821651BDF62C900610D6C /* UIImage+GIF.h */ = {isa = PBXFileReference; fileEncoding = 4; lastKnownFileType = sourcecode.c.h; name = "UIImage+GIF.h"; path = "sdwebimage/UIImage+GIF.h"; sourceTree = "<group>"; };
		184821661BDF62C900610D6C /* UIImage+GIF.m */ = {isa = PBXFileReference; fileEncoding = 4; lastKnownFileType = sourcecode.c.objc; name = "UIImage+GIF.m"; path = "sdwebimage/UIImage+GIF.m"; sourceTree = "<group>"; };
		184821671BDF62C900610D6C /* UIImage+MultiFormat.h */ = {isa = PBXFileReference; fileEncoding = 4; lastKnownFileType = sourcecode.c.h; name = "UIImage+MultiFormat.h"; path = "sdwebimage/UIImage+MultiFormat.h"; sourceTree = "<group>"; };
		184821681BDF62C900610D6C /* UIImage+MultiFormat.m */ = {isa = PBXFileReference; fileEncoding = 4; lastKnownFileType = sourcecode.c.objc; name = "UIImage+MultiFormat.m"; path = "sdwebimage/UIImage+MultiFormat.m"; sourceTree = "<group>"; };
		184821691BDF62C900610D6C /* UIImage+WebP.h */ = {isa = PBXFileReference; fileEncoding = 4; lastKnownFileType = sourcecode.c.h; name = "UIImage+WebP.h"; path = "sdwebimage/UIImage+WebP.h"; sourceTree = "<group>"; };
		1848216A1BDF62C900610D6C /* UIImage+WebP.m */ = {isa = PBXFileReference; fileEncoding = 4; lastKnownFileType = sourcecode.c.objc; name = "UIImage+WebP.m"; path = "sdwebimage/UIImage+WebP.m"; sourceTree = "<group>"; };
		1848216B1BDF62C900610D6C /* UIImageView+Addition.h */ = {isa = PBXFileReference; fileEncoding = 4; lastKnownFileType = sourcecode.c.h; name = "UIImageView+Addition.h"; path = "sdwebimage/UIImageView+Addition.h"; sourceTree = "<group>"; };
		1848216C1BDF62C900610D6C /* UIImageView+Addition.m */ = {isa = PBXFileReference; fileEncoding = 4; lastKnownFileType = sourcecode.c.objc; name = "UIImageView+Addition.m"; path = "sdwebimage/UIImageView+Addition.m"; sourceTree = "<group>"; };
		1848216D1BDF62C900610D6C /* UIImageView+HighlightedWebCache.h */ = {isa = PBXFileReference; fileEncoding = 4; lastKnownFileType = sourcecode.c.h; name = "UIImageView+HighlightedWebCache.h"; path = "sdwebimage/UIImageView+HighlightedWebCache.h"; sourceTree = "<group>"; };
		1848216E1BDF62C900610D6C /* UIImageView+HighlightedWebCache.m */ = {isa = PBXFileReference; fileEncoding = 4; lastKnownFileType = sourcecode.c.objc; name = "UIImageView+HighlightedWebCache.m"; path = "sdwebimage/UIImageView+HighlightedWebCache.m"; sourceTree = "<group>"; };
		1848216F1BDF62C900610D6C /* UIImageView+WebCache.h */ = {isa = PBXFileReference; fileEncoding = 4; lastKnownFileType = sourcecode.c.h; name = "UIImageView+WebCache.h"; path = "sdwebimage/UIImageView+WebCache.h"; sourceTree = "<group>"; };
		184821701BDF62C900610D6C /* UIImageView+WebCache.m */ = {isa = PBXFileReference; fileEncoding = 4; lastKnownFileType = sourcecode.c.objc; name = "UIImageView+WebCache.m"; path = "sdwebimage/UIImageView+WebCache.m"; sourceTree = "<group>"; };
		184821711BDF62C900610D6C /* UIView+WebCacheOperation.h */ = {isa = PBXFileReference; fileEncoding = 4; lastKnownFileType = sourcecode.c.h; name = "UIView+WebCacheOperation.h"; path = "sdwebimage/UIView+WebCacheOperation.h"; sourceTree = "<group>"; };
		184821721BDF62C900610D6C /* UIView+WebCacheOperation.m */ = {isa = PBXFileReference; fileEncoding = 4; lastKnownFileType = sourcecode.c.objc; name = "UIView+WebCacheOperation.m"; path = "sdwebimage/UIView+WebCacheOperation.m"; sourceTree = "<group>"; };
		184821891BE05F2600610D6C /* YMnineImageFlowLayout.h */ = {isa = PBXFileReference; fileEncoding = 4; lastKnownFileType = sourcecode.c.h; name = YMnineImageFlowLayout.h; path = LIb/YMnineImageFlowLayout.h; sourceTree = "<group>"; };
		1848218A1BE05F2600610D6C /* YMnineImageFlowLayout.m */ = {isa = PBXFileReference; fileEncoding = 4; lastKnownFileType = sourcecode.c.objc; name = YMnineImageFlowLayout.m; path = LIb/YMnineImageFlowLayout.m; sourceTree = "<group>"; };
		1848218B1BE05F2600610D6C /* YMnineImageView.h */ = {isa = PBXFileReference; fileEncoding = 4; lastKnownFileType = sourcecode.c.h; name = YMnineImageView.h; path = LIb/YMnineImageView.h; sourceTree = "<group>"; };
		1848218C1BE05F2600610D6C /* YMnineImageView.m */ = {isa = PBXFileReference; fileEncoding = 4; lastKnownFileType = sourcecode.c.objc; name = YMnineImageView.m; path = LIb/YMnineImageView.m; sourceTree = "<group>"; };
		1848218F1BE05F2D00610D6C /* YMImage.h */ = {isa = PBXFileReference; fileEncoding = 4; lastKnownFileType = sourcecode.c.h; name = YMImage.h; path = LIb/Cell/YMImage.h; sourceTree = "<group>"; };
		184821901BE05F2D00610D6C /* YMImage.m */ = {isa = PBXFileReference; fileEncoding = 4; lastKnownFileType = sourcecode.c.objc; name = YMImage.m; path = LIb/Cell/YMImage.m; sourceTree = "<group>"; };
		184821911BE05F2D00610D6C /* YMnineImageCell.h */ = {isa = PBXFileReference; fileEncoding = 4; lastKnownFileType = sourcecode.c.h; name = YMnineImageCell.h; path = LIb/Cell/YMnineImageCell.h; sourceTree = "<group>"; };
		184821921BE05F2D00610D6C /* YMnineImageCell.m */ = {isa = PBXFileReference; fileEncoding = 4; lastKnownFileType = sourcecode.c.objc; name = YMnineImageCell.m; path = LIb/Cell/YMnineImageCell.m; sourceTree = "<group>"; };
		184821931BE05F2D00610D6C /* YMnineImageCell.xib */ = {isa = PBXFileReference; fileEncoding = 4; lastKnownFileType = file.xib; name = YMnineImageCell.xib; path = LIb/Cell/YMnineImageCell.xib; sourceTree = "<group>"; };
		184821971BE0604900610D6C /* add.png */ = {isa = PBXFileReference; lastKnownFileType = image.png; name = add.png; path = LIb/Cell/add.png; sourceTree = "<group>"; };
		184821981BE0604900610D6C /* removeItem@2x.png */ = {isa = PBXFileReference; lastKnownFileType = image.png; name = "removeItem@2x.png"; path = "LIb/Cell/removeItem@2x.png"; sourceTree = "<group>"; };
		18DF9B4F1BDDF4E600D79FBC /* welcome_index3@2x.png */ = {isa = PBXFileReference; lastKnownFileType = image.png; path = "welcome_index3@2x.png"; sourceTree = SOURCE_ROOT; };
/* End PBXFileReference section */

/* Begin PBXFrameworksBuildPhase section */
		181BC4B61BDB20DD00653F6C /* Frameworks */ = {
			isa = PBXFrameworksBuildPhase;
			buildActionMask = 2147483647;
			files = (
			);
			runOnlyForDeploymentPostprocessing = 0;
		};
		181BC4CF1BDB20DE00653F6C /* Frameworks */ = {
			isa = PBXFrameworksBuildPhase;
			buildActionMask = 2147483647;
			files = (
			);
			runOnlyForDeploymentPostprocessing = 0;
		};
		181BC4DA1BDB20DE00653F6C /* Frameworks */ = {
			isa = PBXFrameworksBuildPhase;
			buildActionMask = 2147483647;
			files = (
			);
			runOnlyForDeploymentPostprocessing = 0;
		};
/* End PBXFrameworksBuildPhase section */

/* Begin PBXGroup section */
		181BC4B01BDB20DD00653F6C = {
			isa = PBXGroup;
			children = (
				181BC4BB1BDB20DD00653F6C /* YMChooseImageView */,
				181BC4D51BDB20DE00653F6C /* YMChooseImageViewTests */,
				181BC4E01BDB20DE00653F6C /* YMChooseImageViewUITests */,
				181BC4BA1BDB20DD00653F6C /* Products */,
			);
			sourceTree = "<group>";
		};
		181BC4BA1BDB20DD00653F6C /* Products */ = {
			isa = PBXGroup;
			children = (
				181BC4B91BDB20DD00653F6C /* YMChooseImageView.app */,
				181BC4D21BDB20DE00653F6C /* YMChooseImageViewTests.xctest */,
				181BC4DD1BDB20DE00653F6C /* YMChooseImageViewUITests.xctest */,
			);
			name = Products;
			sourceTree = "<group>";
		};
		181BC4BB1BDB20DD00653F6C /* YMChooseImageView */ = {
			isa = PBXGroup;
			children = (
				1848214D1BDF627D00610D6C /* sdwebimage */,
				18DF9B4F1BDDF4E600D79FBC /* welcome_index3@2x.png */,
				181BC4EF1BDB20F500653F6C /* Lib */,
				181BC4BF1BDB20DD00653F6C /* AppDelegate.h */,
				181BC4C01BDB20DD00653F6C /* AppDelegate.m */,
				181BC4C21BDB20DD00653F6C /* ViewController.h */,
				181BC4C31BDB20DD00653F6C /* ViewController.m */,
				181BC4C51BDB20DD00653F6C /* Main.storyboard */,
				181BC4C81BDB20DD00653F6C /* Assets.xcassets */,
				181BC4CA1BDB20DD00653F6C /* LaunchScreen.storyboard */,
				181BC4CD1BDB20DD00653F6C /* Info.plist */,
				181BC4BC1BDB20DD00653F6C /* Supporting Files */,
			);
			path = YMChooseImageView;
			sourceTree = "<group>";
		};
		181BC4BC1BDB20DD00653F6C /* Supporting Files */ = {
			isa = PBXGroup;
			children = (
				181BC4BD1BDB20DD00653F6C /* main.m */,
			);
			name = "Supporting Files";
			sourceTree = "<group>";
		};
		181BC4D51BDB20DE00653F6C /* YMChooseImageViewTests */ = {
			isa = PBXGroup;
			children = (
				181BC4D61BDB20DE00653F6C /* YMChooseImageViewTests.m */,
				181BC4D81BDB20DE00653F6C /* Info.plist */,
			);
			path = YMChooseImageViewTests;
			sourceTree = "<group>";
		};
		181BC4E01BDB20DE00653F6C /* YMChooseImageViewUITests */ = {
			isa = PBXGroup;
			children = (
				181BC4E11BDB20DE00653F6C /* YMChooseImageViewUITests.m */,
				181BC4E31BDB20DE00653F6C /* Info.plist */,
			);
			path = YMChooseImageViewUITests;
			sourceTree = "<group>";
		};
		181BC4EF1BDB20F500653F6C /* Lib */ = {
			isa = PBXGroup;
			children = (
				184821891BE05F2600610D6C /* YMnineImageFlowLayout.h */,
				1848218A1BE05F2600610D6C /* YMnineImageFlowLayout.m */,
				1848218B1BE05F2600610D6C /* YMnineImageView.h */,
				1848218C1BE05F2600610D6C /* YMnineImageView.m */,
				181BC4F01BDB213400653F6C /* Cell */,
			);
			name = Lib;
			sourceTree = "<group>";
		};
		181BC4F01BDB213400653F6C /* Cell */ = {
			isa = PBXGroup;
			children = (
				184821971BE0604900610D6C /* add.png */,
				184821981BE0604900610D6C /* removeItem@2x.png */,
				1848218F1BE05F2D00610D6C /* YMImage.h */,
				184821901BE05F2D00610D6C /* YMImage.m */,
				184821911BE05F2D00610D6C /* YMnineImageCell.h */,
				184821921BE05F2D00610D6C /* YMnineImageCell.m */,
				184821931BE05F2D00610D6C /* YMnineImageCell.xib */,
			);
			name = Cell;
			sourceTree = "<group>";
		};
		1848214D1BDF627D00610D6C /* sdwebimage */ = {
			isa = PBXGroup;
			children = (
				1848214E1BDF62C900610D6C /* MKAnnotationView+WebCache.h */,
				1848214F1BDF62C900610D6C /* MKAnnotationView+WebCache.m */,
				184821501BDF62C900610D6C /* NSData+ImageContentType.h */,
				184821511BDF62C900610D6C /* NSData+ImageContentType.m */,
				184821521BDF62C900610D6C /* SDImageCache.h */,
				184821531BDF62C900610D6C /* SDImageCache.m */,
				184821541BDF62C900610D6C /* SDWebImageCompat.h */,
				184821551BDF62C900610D6C /* SDWebImageCompat.m */,
				184821561BDF62C900610D6C /* SDWebImageDecoder.h */,
				184821571BDF62C900610D6C /* SDWebImageDecoder.m */,
				184821581BDF62C900610D6C /* SDWebImageDownloader.h */,
				184821591BDF62C900610D6C /* SDWebImageDownloader.m */,
				1848215A1BDF62C900610D6C /* SDWebImageDownloaderOperation.h */,
				1848215B1BDF62C900610D6C /* SDWebImageDownloaderOperation.m */,
				1848215C1BDF62C900610D6C /* SDWebImageManager.h */,
				1848215D1BDF62C900610D6C /* SDWebImageManager.m */,
				1848215E1BDF62C900610D6C /* SDWebImageManager+MJ.h */,
				1848215F1BDF62C900610D6C /* SDWebImageManager+MJ.m */,
				184821601BDF62C900610D6C /* SDWebImageOperation.h */,
				184821611BDF62C900610D6C /* SDWebImagePrefetcher.h */,
				184821621BDF62C900610D6C /* SDWebImagePrefetcher.m */,
				184821631BDF62C900610D6C /* UIButton+WebCache.h */,
				184821641BDF62C900610D6C /* UIButton+WebCache.m */,
				184821651BDF62C900610D6C /* UIImage+GIF.h */,
				184821661BDF62C900610D6C /* UIImage+GIF.m */,
				184821671BDF62C900610D6C /* UIImage+MultiFormat.h */,
				184821681BDF62C900610D6C /* UIImage+MultiFormat.m */,
				184821691BDF62C900610D6C /* UIImage+WebP.h */,
				1848216A1BDF62C900610D6C /* UIImage+WebP.m */,
				1848216B1BDF62C900610D6C /* UIImageView+Addition.h */,
				1848216C1BDF62C900610D6C /* UIImageView+Addition.m */,
				1848216D1BDF62C900610D6C /* UIImageView+HighlightedWebCache.h */,
				1848216E1BDF62C900610D6C /* UIImageView+HighlightedWebCache.m */,
				1848216F1BDF62C900610D6C /* UIImageView+WebCache.h */,
				184821701BDF62C900610D6C /* UIImageView+WebCache.m */,
				184821711BDF62C900610D6C /* UIView+WebCacheOperation.h */,
				184821721BDF62C900610D6C /* UIView+WebCacheOperation.m */,
			);
			name = sdwebimage;
			sourceTree = "<group>";
		};
/* End PBXGroup section */

/* Begin PBXNativeTarget section */
		181BC4B81BDB20DD00653F6C /* YMChooseImageView */ = {
			isa = PBXNativeTarget;
			buildConfigurationList = 181BC4E61BDB20DE00653F6C /* Build configuration list for PBXNativeTarget "YMChooseImageView" */;
			buildPhases = (
				181BC4B51BDB20DD00653F6C /* Sources */,
				181BC4B61BDB20DD00653F6C /* Frameworks */,
				181BC4B71BDB20DD00653F6C /* Resources */,
			);
			buildRules = (
			);
			dependencies = (
			);
			name = YMChooseImageView;
			productName = YMChooseImageView;
			productReference = 181BC4B91BDB20DD00653F6C /* YMChooseImageView.app */;
			productType = "com.apple.product-type.application";
		};
		181BC4D11BDB20DE00653F6C /* YMChooseImageViewTests */ = {
			isa = PBXNativeTarget;
			buildConfigurationList = 181BC4E91BDB20DE00653F6C /* Build configuration list for PBXNativeTarget "YMChooseImageViewTests" */;
			buildPhases = (
				181BC4CE1BDB20DE00653F6C /* Sources */,
				181BC4CF1BDB20DE00653F6C /* Frameworks */,
				181BC4D01BDB20DE00653F6C /* Resources */,
			);
			buildRules = (
			);
			dependencies = (
				181BC4D41BDB20DE00653F6C /* PBXTargetDependency */,
			);
			name = YMChooseImageViewTests;
			productName = YMChooseImageViewTests;
			productReference = 181BC4D21BDB20DE00653F6C /* YMChooseImageViewTests.xctest */;
			productType = "com.apple.product-type.bundle.unit-test";
		};
		181BC4DC1BDB20DE00653F6C /* YMChooseImageViewUITests */ = {
			isa = PBXNativeTarget;
			buildConfigurationList = 181BC4EC1BDB20DE00653F6C /* Build configuration list for PBXNativeTarget "YMChooseImageViewUITests" */;
			buildPhases = (
				181BC4D91BDB20DE00653F6C /* Sources */,
				181BC4DA1BDB20DE00653F6C /* Frameworks */,
				181BC4DB1BDB20DE00653F6C /* Resources */,
			);
			buildRules = (
			);
			dependencies = (
				181BC4DF1BDB20DE00653F6C /* PBXTargetDependency */,
			);
			name = YMChooseImageViewUITests;
			productName = YMChooseImageViewUITests;
			productReference = 181BC4DD1BDB20DE00653F6C /* YMChooseImageViewUITests.xctest */;
			productType = "com.apple.product-type.bundle.ui-testing";
		};
/* End PBXNativeTarget section */

/* Begin PBXProject section */
		181BC4B11BDB20DD00653F6C /* Project object */ = {
			isa = PBXProject;
			attributes = {
				LastUpgradeCheck = 0700;
				ORGANIZATIONNAME = mHelloWorld;
				TargetAttributes = {
					181BC4B81BDB20DD00653F6C = {
						CreatedOnToolsVersion = 7.0;
						DevelopmentTeam = H4XN7C9KH5;
					};
					181BC4D11BDB20DE00653F6C = {
						CreatedOnToolsVersion = 7.0;
						TestTargetID = 181BC4B81BDB20DD00653F6C;
					};
					181BC4DC1BDB20DE00653F6C = {
						CreatedOnToolsVersion = 7.0;
						TestTargetID = 181BC4B81BDB20DD00653F6C;
					};
				};
			};
			buildConfigurationList = 181BC4B41BDB20DD00653F6C /* Build configuration list for PBXProject "YMChooseImageView" */;
			compatibilityVersion = "Xcode 3.2";
			developmentRegion = English;
			hasScannedForEncodings = 0;
			knownRegions = (
				en,
				Base,
			);
			mainGroup = 181BC4B01BDB20DD00653F6C;
			productRefGroup = 181BC4BA1BDB20DD00653F6C /* Products */;
			projectDirPath = "";
			projectRoot = "";
			targets = (
				181BC4B81BDB20DD00653F6C /* YMChooseImageView */,
				181BC4D11BDB20DE00653F6C /* YMChooseImageViewTests */,
				181BC4DC1BDB20DE00653F6C /* YMChooseImageViewUITests */,
			);
		};
/* End PBXProject section */

/* Begin PBXResourcesBuildPhase section */
		181BC4B71BDB20DD00653F6C /* Resources */ = {
			isa = PBXResourcesBuildPhase;
			buildActionMask = 2147483647;
			files = (
				18DF9B501BDDF4E600D79FBC /* welcome_index3@2x.png in Resources */,
				181BC4CC1BDB20DD00653F6C /* LaunchScreen.storyboard in Resources */,
				181BC4C91BDB20DD00653F6C /* Assets.xcassets in Resources */,
				1848219A1BE0604900610D6C /* removeItem@2x.png in Resources */,
				184821991BE0604900610D6C /* add.png in Resources */,
				181BC4C71BDB20DD00653F6C /* Main.storyboard in Resources */,
				184821961BE05F2D00610D6C /* YMnineImageCell.xib in Resources */,
			);
			runOnlyForDeploymentPostprocessing = 0;
		};
		181BC4D01BDB20DE00653F6C /* Resources */ = {
			isa = PBXResourcesBuildPhase;
			buildActionMask = 2147483647;
			files = (
			);
			runOnlyForDeploymentPostprocessing = 0;
		};
		181BC4DB1BDB20DE00653F6C /* Resources */ = {
			isa = PBXResourcesBuildPhase;
			buildActionMask = 2147483647;
			files = (
			);
			runOnlyForDeploymentPostprocessing = 0;
		};
/* End PBXResourcesBuildPhase section */

/* Begin PBXSourcesBuildPhase section */
		181BC4B51BDB20DD00653F6C /* Sources */ = {
			isa = PBXSourcesBuildPhase;
			buildActionMask = 2147483647;
			files = (
				184821821BDF62C900610D6C /* UIImageView+HighlightedWebCache.m in Sources */,
				184821761BDF62C900610D6C /* SDWebImageCompat.m in Sources */,
				184821831BDF62C900610D6C /* UIImageView+WebCache.m in Sources */,
				181BC4C41BDB20DD00653F6C /* ViewController.m in Sources */,
				184821801BDF62C900610D6C /* UIImage+WebP.m in Sources */,
				184821791BDF62C900610D6C /* SDWebImageDownloaderOperation.m in Sources */,
				184821771BDF62C900610D6C /* SDWebImageDecoder.m in Sources */,
				1848217B1BDF62C900610D6C /* SDWebImageManager+MJ.m in Sources */,
				1848218E1BE05F2600610D6C /* YMnineImageView.m in Sources */,
				1848217D1BDF62C900610D6C /* UIButton+WebCache.m in Sources */,
				1848217C1BDF62C900610D6C /* SDWebImagePrefetcher.m in Sources */,
				184821841BDF62C900610D6C /* UIView+WebCacheOperation.m in Sources */,
				184821811BDF62C900610D6C /* UIImageView+Addition.m in Sources */,
				181BC4C11BDB20DD00653F6C /* AppDelegate.m in Sources */,
				184821741BDF62C900610D6C /* NSData+ImageContentType.m in Sources */,
				1848218D1BE05F2600610D6C /* YMnineImageFlowLayout.m in Sources */,
				184821781BDF62C900610D6C /* SDWebImageDownloader.m in Sources */,
				1848217F1BDF62C900610D6C /* UIImage+MultiFormat.m in Sources */,
				181BC4BE1BDB20DD00653F6C /* main.m in Sources */,
				184821941BE05F2D00610D6C /* YMImage.m in Sources */,
				1848217A1BDF62C900610D6C /* SDWebImageManager.m in Sources */,
				1848217E1BDF62C900610D6C /* UIImage+GIF.m in Sources */,
				184821751BDF62C900610D6C /* SDImageCache.m in Sources */,
				184821951BE05F2D00610D6C /* YMnineImageCell.m in Sources */,
			);
			runOnlyForDeploymentPostprocessing = 0;
		};
		181BC4CE1BDB20DE00653F6C /* Sources */ = {
			isa = PBXSourcesBuildPhase;
			buildActionMask = 2147483647;
			files = (
				181BC4D71BDB20DE00653F6C /* YMChooseImageViewTests.m in Sources */,
			);
			runOnlyForDeploymentPostprocessing = 0;
		};
		181BC4D91BDB20DE00653F6C /* Sources */ = {
			isa = PBXSourcesBuildPhase;
			buildActionMask = 2147483647;
			files = (
				181BC4E21BDB20DE00653F6C /* YMChooseImageViewUITests.m in Sources */,
			);
			runOnlyForDeploymentPostprocessing = 0;
		};
/* End PBXSourcesBuildPhase section */

/* Begin PBXTargetDependency section */
		181BC4D41BDB20DE00653F6C /* PBXTargetDependency */ = {
			isa = PBXTargetDependency;
			target = 181BC4B81BDB20DD00653F6C /* YMChooseImageView */;
			targetProxy = 181BC4D31BDB20DE00653F6C /* PBXContainerItemProxy */;
		};
		181BC4DF1BDB20DE00653F6C /* PBXTargetDependency */ = {
			isa = PBXTargetDependency;
			target = 181BC4B81BDB20DD00653F6C /* YMChooseImageView */;
			targetProxy = 181BC4DE1BDB20DE00653F6C /* PBXContainerItemProxy */;
		};
/* End PBXTargetDependency section */

/* Begin PBXVariantGroup section */
		181BC4C51BDB20DD00653F6C /* Main.storyboard */ = {
			isa = PBXVariantGroup;
			children = (
				181BC4C61BDB20DD00653F6C /* Base */,
			);
			name = Main.storyboard;
			sourceTree = "<group>";
		};
		181BC4CA1BDB20DD00653F6C /* LaunchScreen.storyboard */ = {
			isa = PBXVariantGroup;
			children = (
				181BC4CB1BDB20DD00653F6C /* Base */,
			);
			name = LaunchScreen.storyboard;
			sourceTree = "<group>";
		};
/* End PBXVariantGroup section */

/* Begin XCBuildConfiguration section */
		181BC4E41BDB20DE00653F6C /* Debug */ = {
			isa = XCBuildConfiguration;
			buildSettings = {
				ALWAYS_SEARCH_USER_PATHS = NO;
				CLANG_CXX_LANGUAGE_STANDARD = "gnu++0x";
				CLANG_CXX_LIBRARY = "libc++";
				CLANG_ENABLE_MODULES = YES;
				CLANG_ENABLE_OBJC_ARC = YES;
				CLANG_WARN_BOOL_CONVERSION = YES;
				CLANG_WARN_CONSTANT_CONVERSION = YES;
				CLANG_WARN_DIRECT_OBJC_ISA_USAGE = YES_ERROR;
				CLANG_WARN_EMPTY_BODY = YES;
				CLANG_WARN_ENUM_CONVERSION = YES;
				CLANG_WARN_INT_CONVERSION = YES;
				CLANG_WARN_OBJC_ROOT_CLASS = YES_ERROR;
				CLANG_WARN_UNREACHABLE_CODE = YES;
				CLANG_WARN__DUPLICATE_METHOD_MATCH = YES;
				"CODE_SIGN_IDENTITY[sdk=iphoneos*]" = "iPhone Developer";
				COPY_PHASE_STRIP = NO;
				DEBUG_INFORMATION_FORMAT = dwarf;
				ENABLE_STRICT_OBJC_MSGSEND = YES;
				ENABLE_TESTABILITY = YES;
				GCC_C_LANGUAGE_STANDARD = gnu99;
				GCC_DYNAMIC_NO_PIC = NO;
				GCC_NO_COMMON_BLOCKS = YES;
				GCC_OPTIMIZATION_LEVEL = 0;
				GCC_PREPROCESSOR_DEFINITIONS = (
					"DEBUG=1",
					"$(inherited)",
				);
				GCC_WARN_64_TO_32_BIT_CONVERSION = YES;
				GCC_WARN_ABOUT_RETURN_TYPE = YES_ERROR;
				GCC_WARN_UNDECLARED_SELECTOR = YES;
				GCC_WARN_UNINITIALIZED_AUTOS = YES_AGGRESSIVE;
				GCC_WARN_UNUSED_FUNCTION = YES;
				GCC_WARN_UNUSED_VARIABLE = YES;
				IPHONEOS_DEPLOYMENT_TARGET = 9.0;
				MTL_ENABLE_DEBUG_INFO = YES;
				ONLY_ACTIVE_ARCH = YES;
				SDKROOT = iphoneos;
			};
			name = Debug;
		};
		181BC4E51BDB20DE00653F6C /* Release */ = {
			isa = XCBuildConfiguration;
			buildSettings = {
				ALWAYS_SEARCH_USER_PATHS = NO;
				CLANG_CXX_LANGUAGE_STANDARD = "gnu++0x";
				CLANG_CXX_LIBRARY = "libc++";
				CLANG_ENABLE_MODULES = YES;
				CLANG_ENABLE_OBJC_ARC = YES;
				CLANG_WARN_BOOL_CONVERSION = YES;
				CLANG_WARN_CONSTANT_CONVERSION = YES;
				CLANG_WARN_DIRECT_OBJC_ISA_USAGE = YES_ERROR;
				CLANG_WARN_EMPTY_BODY = YES;
				CLANG_WARN_ENUM_CONVERSION = YES;
				CLANG_WARN_INT_CONVERSION = YES;
				CLANG_WARN_OBJC_ROOT_CLASS = YES_ERROR;
				CLANG_WARN_UNREACHABLE_CODE = YES;
				CLANG_WARN__DUPLICATE_METHOD_MATCH = YES;
				"CODE_SIGN_IDENTITY[sdk=iphoneos*]" = "iPhone Developer";
				COPY_PHASE_STRIP = NO;
				DEBUG_INFORMATION_FORMAT = "dwarf-with-dsym";
				ENABLE_NS_ASSERTIONS = NO;
				ENABLE_STRICT_OBJC_MSGSEND = YES;
				GCC_C_LANGUAGE_STANDARD = gnu99;
				GCC_NO_COMMON_BLOCKS = YES;
				GCC_WARN_64_TO_32_BIT_CONVERSION = YES;
				GCC_WARN_ABOUT_RETURN_TYPE = YES_ERROR;
				GCC_WARN_UNDECLARED_SELECTOR = YES;
				GCC_WARN_UNINITIALIZED_AUTOS = YES_AGGRESSIVE;
				GCC_WARN_UNUSED_FUNCTION = YES;
				GCC_WARN_UNUSED_VARIABLE = YES;
				IPHONEOS_DEPLOYMENT_TARGET = 9.0;
				MTL_ENABLE_DEBUG_INFO = NO;
				SDKROOT = iphoneos;
				VALIDATE_PRODUCT = YES;
			};
			name = Release;
		};
		181BC4E71BDB20DE00653F6C /* Debug */ = {
			isa = XCBuildConfiguration;
			buildSettings = {
				ASSETCATALOG_COMPILER_APPICON_NAME = AppIcon;
				CODE_SIGN_IDENTITY = "iPhone Developer";
				"CODE_SIGN_IDENTITY[sdk=iphoneos*]" = "iPhone Developer";
				INFOPLIST_FILE = YMChooseImageView/Info.plist;
				IPHONEOS_DEPLOYMENT_TARGET = 8.1;
				LD_RUNPATH_SEARCH_PATHS = "$(inherited) @executable_path/Frameworks";
				PRODUCT_BUNDLE_IDENTIFIER = com.youmiSDFS.YMChooseImageView;
				PRODUCT_NAME = "$(TARGET_NAME)";
				PROVISIONING_PROFILE = "";
			};
			name = Debug;
		};
		181BC4E81BDB20DE00653F6C /* Release */ = {
			isa = XCBuildConfiguration;
			buildSettings = {
				ASSETCATALOG_COMPILER_APPICON_NAME = AppIcon;
				CODE_SIGN_IDENTITY = "iPhone Developer";
				"CODE_SIGN_IDENTITY[sdk=iphoneos*]" = "iPhone Developer";
				INFOPLIST_FILE = YMChooseImageView/Info.plist;
				IPHONEOS_DEPLOYMENT_TARGET = 8.1;
				LD_RUNPATH_SEARCH_PATHS = "$(inherited) @executable_path/Frameworks";
				PRODUCT_BUNDLE_IDENTIFIER = com.youmiSDFS.YMChooseImageView;
				PRODUCT_NAME = "$(TARGET_NAME)";
				PROVISIONING_PROFILE = "";
			};
			name = Release;
		};
		181BC4EA1BDB20DE00653F6C /* Debug */ = {
			isa = XCBuildConfiguration;
			buildSettings = {
				BUNDLE_LOADER = "$(TEST_HOST)";
				INFOPLIST_FILE = YMChooseImageViewTests/Info.plist;
				LD_RUNPATH_SEARCH_PATHS = "$(inherited) @executable_path/Frameworks @loader_path/Frameworks";
				PRODUCT_BUNDLE_IDENTIFIER = com.youmiSDFS.YMChooseImageViewTests;
				PRODUCT_NAME = "$(TARGET_NAME)";
				TEST_HOST = "$(BUILT_PRODUCTS_DIR)/YMChooseImageView.app/YMChooseImageView";
			};
			name = Debug;
		};
		181BC4EB1BDB20DE00653F6C /* Release */ = {
			isa = XCBuildConfiguration;
			buildSettings = {
				BUNDLE_LOADER = "$(TEST_HOST)";
				INFOPLIST_FILE = YMChooseImageViewTests/Info.plist;
				LD_RUNPATH_SEARCH_PATHS = "$(inherited) @executable_path/Frameworks @loader_path/Frameworks";
				PRODUCT_BUNDLE_IDENTIFIER = com.youmiSDFS.YMChooseImageViewTests;
				PRODUCT_NAME = "$(TARGET_NAME)";
				TEST_HOST = "$(BUILT_PRODUCTS_DIR)/YMChooseImageView.app/YMChooseImageView";
			};
			name = Release;
		};
		181BC4ED1BDB20DE00653F6C /* Debug */ = {
			isa = XCBuildConfiguration;
			buildSettings = {
				INFOPLIST_FILE = YMChooseImageViewUITests/Info.plist;
				LD_RUNPATH_SEARCH_PATHS = "$(inherited) @executable_path/Frameworks @loader_path/Frameworks";
				PRODUCT_BUNDLE_IDENTIFIER = com.youmiSDFS.YMChooseImageViewUITests;
				PRODUCT_NAME = "$(TARGET_NAME)";
				TEST_TARGET_NAME = YMChooseImageView;
				USES_XCTRUNNER = YES;
			};
			name = Debug;
		};
		181BC4EE1BDB20DE00653F6C /* Release */ = {
			isa = XCBuildConfiguration;
			buildSettings = {
				INFOPLIST_FILE = YMChooseImageViewUITests/Info.plist;
				LD_RUNPATH_SEARCH_PATHS = "$(inherited) @executable_path/Frameworks @loader_path/Frameworks";
				PRODUCT_BUNDLE_IDENTIFIER = com.youmiSDFS.YMChooseImageViewUITests;
				PRODUCT_NAME = "$(TARGET_NAME)";
				TEST_TARGET_NAME = YMChooseImageView;
				USES_XCTRUNNER = YES;
			};
			name = Release;
		};
/* End XCBuildConfiguration section */

/* Begin XCConfigurationList section */
		181BC4B41BDB20DD00653F6C /* Build configuration list for PBXProject "YMChooseImageView" */ = {
			isa = XCConfigurationList;
			buildConfigurations = (
				181BC4E41BDB20DE00653F6C /* Debug */,
				181BC4E51BDB20DE00653F6C /* Release */,
			);
			defaultConfigurationIsVisible = 0;
			defaultConfigurationName = Release;
		};
		181BC4E61BDB20DE00653F6C /* Build configuration list for PBXNativeTarget "YMChooseImageView" */ = {
			isa = XCConfigurationList;
			buildConfigurations = (
				181BC4E71BDB20DE00653F6C /* Debug */,
				181BC4E81BDB20DE00653F6C /* Release */,
			);
			defaultConfigurationIsVisible = 0;
			defaultConfigurationName = Release;
		};
		181BC4E91BDB20DE00653F6C /* Build configuration list for PBXNativeTarget "YMChooseImageViewTests" */ = {
			isa = XCConfigurationList;
			buildConfigurations = (
				181BC4EA1BDB20DE00653F6C /* Debug */,
				181BC4EB1BDB20DE00653F6C /* Release */,
			);
			defaultConfigurationIsVisible = 0;
			defaultConfigurationName = Release;
		};
		181BC4EC1BDB20DE00653F6C /* Build configuration list for PBXNativeTarget "YMChooseImageViewUITests" */ = {
			isa = XCConfigurationList;
			buildConfigurations = (
				181BC4ED1BDB20DE00653F6C /* Debug */,
				181BC4EE1BDB20DE00653F6C /* Release */,
			);
			defaultConfigurationIsVisible = 0;
			defaultConfigurationName = Release;
		};
/* End XCConfigurationList section */
	};
	rootObject = 181BC4B11BDB20DD00653F6C /* Project object */;
}
